
Microsoft Visual Studio Solution File, Format Version 12.00
# Visual Studio Version 17
VisualStudioVersion = 17.9.34728.123
MinimumVisualStudioVersion = 10.0.40219.1
Project("{FAE04EC0-301F-11D3-BF4B-00C04F79EFBC}") = "API", "API\API.csproj", "{42D490F7-1A96-4CB5-9C53-891901AB8927}"
EndProject
Project("{E53339B2-1760-4266-BCC7-CA923CBCF16C}") = "docker-compose", "docker-compose.dcproj", "{5873943F-7F28-49EB-881A-25AB3778A090}"
EndProject
Global
	GlobalSection(SolutionConfigurationPlatforms) = preSolution
		Debug|Any CPU = Debug|Any CPU
		Release|Any CPU = Release|Any CPU
	EndGlobalSection
	GlobalSection(ProjectConfigurationPlatforms) = postSolution
		{42D490F7-1A96-4CB5-9C53-891901AB8927}.Debug|Any CPU.ActiveCfg = Debug|Any CPU
		{42D490F7-1A96-4CB5-9C53-891901AB8927}.Debug|Any CPU.Build.0 = Debug|Any CPU
		{42D490F7-1A96-4CB5-9C53-891901AB8927}.Release|Any CPU.ActiveCfg = Release|Any CPU
		{42D490F7-1A96-4CB5-9C53-891901AB8927}.Release|Any CPU.Build.0 = Release|Any CPU
		{5873943F-7F28-49EB-881A-25AB3778A090}.Debug|Any CPU.ActiveCfg = Debug|Any CPU
		{5873943F-7F28-49EB-881A-25AB3778A090}.Debug|Any CPU.Build.0 = Debug|Any CPU
		{5873943F-7F28-49EB-881A-25AB3778A090}.Release|Any CPU.ActiveCfg = Release|Any CPU
		{5873943F-7F28-49EB-881A-25AB3778A090}.Release|Any CPU.Build.0 = Release|Any CPU
	EndGlobalSection
	GlobalSection(SolutionProperties) = preSolution
		HideSolutionNode = FALSE
	EndGlobalSection
	GlobalSection(ExtensibilityGlobals) = postSolution
		SolutionGuid = {9A311CEA-2B55-42B0-AB1F-57323923DD7E}
	EndGlobalSection
EndGlobal
